
Microsoft Visual Studio Solution File, Format Version 12.00
# Visual C# Express 2008
Project("{2150E333-8FDC-42A3-9474-1A3956D46DE8}") = "Solution Items", "Solution Items", "{ECFE0FF1-2D3F-4311-B80C-63C5DD1420DF}"
	ProjectSection(WebsiteProperties) = preProject
		Debug.AspNetCompiler.Debug = "True"
		Release.AspNetCompiler.Debug = "False"
	EndProjectSection
EndProject
Project("{FAE04EC0-301F-11D3-BF4B-00C04F79EFBC}") = "SWA.Ariadne.App", "SWA.Ariadne.App\SWA.Ariadne.App.csproj", "{A758D7B7-1BDB-496A-A86E-34E7F8EACCAD}"
	ProjectSection(WebsiteProperties) = preProject
		Debug.AspNetCompiler.Debug = "True"
		Release.AspNetCompiler.Debug = "False"
	EndProjectSection
EndProject
Project("{FAE04EC0-301F-11D3-BF4B-00C04F79EFBC}") = "SWA.Ariadne.Model", "SWA.Ariadne.Model\SWA.Ariadne.Model.csproj", "{1ECDFF25-8784-44B4-B4DA-25B20F1DF7EC}"
	ProjectSection(WebsiteProperties) = preProject
		Debug.AspNetCompiler.Debug = "True"
		Release.AspNetCompiler.Debug = "False"
	EndProjectSection
EndProject
Project("{FAE04EC0-301F-11D3-BF4B-00C04F79EFBC}") = "SWA.Ariadne.Logic", "SWA.Ariadne.Logic\SWA.Ariadne.Logic.csproj", "{EC6BE5F7-D763-413C-AA2E-2AF5358C5315}"
	ProjectSection(WebsiteProperties) = preProject
		Debug.AspNetCompiler.Debug = "True"
		Release.AspNetCompiler.Debug = "False"
	EndProjectSection
EndProject
Project("{FAE04EC0-301F-11D3-BF4B-00C04F79EFBC}") = "SWA.Ariadne.Settings", "SWA.Ariadne.Settings\SWA.Ariadne.Settings.csproj", "{30293912-CD50-4ECE-B51A-CD89890186F8}"
	ProjectSection(WebsiteProperties) = preProject
		Debug.AspNetCompiler.Debug = "True"
		Release.AspNetCompiler.Debug = "False"
	EndProjectSection
EndProject
Project("{FAE04EC0-301F-11D3-BF4B-00C04F79EFBC}") = "SWA.Ariadne.Gui", "SWA.Ariadne.Gui\SWA.Ariadne.Gui.csproj", "{A80F9F95-5756-44BE-96D3-BB1950937A50}"
	ProjectSection(WebsiteProperties) = preProject
		Debug.AspNetCompiler.Debug = "True"
		Release.AspNetCompiler.Debug = "False"
	EndProjectSection
EndProject
Project("{FAE04EC0-301F-11D3-BF4B-00C04F79EFBC}") = "SWA.Utilities", "SWA.Utilities\SWA.Utilities.csproj", "{5947CDF1-FDE4-4B7C-9420-0A4DF039B5AB}"
	ProjectSection(WebsiteProperties) = preProject
		Debug.AspNetCompiler.Debug = "True"
		Release.AspNetCompiler.Debug = "False"
	EndProjectSection
EndProject
Project("{FAE04EC0-301F-11D3-BF4B-00C04F79EFBC}") = "SWA.Ariadne.Outlines", "SWA.Ariadne.Outlines\SWA.Ariadne.Outlines.csproj", "{9751AAAE-B751-451E-BA8C-FBD55234FE56}"
	ProjectSection(WebsiteProperties) = preProject
		Debug.AspNetCompiler.Debug = "True"
		Release.AspNetCompiler.Debug = "False"
	EndProjectSection
EndProject
Project("{FAE04EC0-301F-11D3-BF4B-00C04F79EFBC}") = "SWA.Ariadne.Gui.Dialogs", "SWA.Ariadne.Gui\Dialogs\SWA.Ariadne.Gui.Dialogs.csproj", "{518B57D2-7D57-4967-B3F6-A054F67D36CD}"
	ProjectSection(WebsiteProperties) = preProject
		Debug.AspNetCompiler.Debug = "True"
		Release.AspNetCompiler.Debug = "False"
	EndProjectSection
EndProject
Project("{FAE04EC0-301F-11D3-BF4B-00C04F79EFBC}") = "SWA.Ariadne.Gui.Mazes", "SWA.Ariadne.Gui\Mazes\SWA.Ariadne.Gui.Mazes.csproj", "{50B4A98B-F9F6-48B9-BF2E-0CD78368565D}"
	ProjectSection(WebsiteProperties) = preProject
		Debug.AspNetCompiler.Debug = "True"
		Release.AspNetCompiler.Debug = "False"
	EndProjectSection
EndProject
Project("{FAE04EC0-301F-11D3-BF4B-00C04F79EFBC}") = "SWA.Ariadne.Ctrl", "SWA.Ariadne.Ctrl\SWA.Ariadne.Ctrl.csproj", "{351936CC-5AD5-45DF-AC9C-903964E29DDB}"
	ProjectSection(WebsiteProperties) = preProject
		Debug.AspNetCompiler.Debug = "True"
		Release.AspNetCompiler.Debug = "False"
	EndProjectSection
EndProject
Global
	GlobalSection(SolutionConfigurationPlatforms) = preSolution
		Debug|Any CPU = Debug|Any CPU
		Release|Any CPU = Release|Any CPU
	EndGlobalSection
	GlobalSection(ProjectConfigurationPlatforms) = postSolution
		{A758D7B7-1BDB-496A-A86E-34E7F8EACCAD}.Debug|Any CPU.ActiveCfg = Debug|Any CPU
		{A758D7B7-1BDB-496A-A86E-34E7F8EACCAD}.Debug|Any CPU.Build.0 = Debug|Any CPU
		{A758D7B7-1BDB-496A-A86E-34E7F8EACCAD}.Release|Any CPU.ActiveCfg = Release|Any CPU
		{A758D7B7-1BDB-496A-A86E-34E7F8EACCAD}.Release|Any CPU.Build.0 = Release|Any CPU
		{1ECDFF25-8784-44B4-B4DA-25B20F1DF7EC}.Debug|Any CPU.ActiveCfg = Debug|Any CPU
		{1ECDFF25-8784-44B4-B4DA-25B20F1DF7EC}.Debug|Any CPU.Build.0 = Debug|Any CPU
		{1ECDFF25-8784-44B4-B4DA-25B20F1DF7EC}.Release|Any CPU.ActiveCfg = Release|Any CPU
		{1ECDFF25-8784-44B4-B4DA-25B20F1DF7EC}.Release|Any CPU.Build.0 = Release|Any CPU
		{EC6BE5F7-D763-413C-AA2E-2AF5358C5315}.Debug|Any CPU.ActiveCfg = Debug|Any CPU
		{EC6BE5F7-D763-413C-AA2E-2AF5358C5315}.Debug|Any CPU.Build.0 = Debug|Any CPU
		{EC6BE5F7-D763-413C-AA2E-2AF5358C5315}.Release|Any CPU.ActiveCfg = Release|Any CPU
		{EC6BE5F7-D763-413C-AA2E-2AF5358C5315}.Release|Any CPU.Build.0 = Release|Any CPU
		{30293912-CD50-4ECE-B51A-CD89890186F8}.Debug|Any CPU.ActiveCfg = Debug|Any CPU
		{30293912-CD50-4ECE-B51A-CD89890186F8}.Debug|Any CPU.Build.0 = Debug|Any CPU
		{30293912-CD50-4ECE-B51A-CD89890186F8}.Release|Any CPU.ActiveCfg = Release|Any CPU
		{30293912-CD50-4ECE-B51A-CD89890186F8}.Release|Any CPU.Build.0 = Release|Any CPU
		{A80F9F95-5756-44BE-96D3-BB1950937A50}.Debug|Any CPU.ActiveCfg = Debug|Any CPU
		{A80F9F95-5756-44BE-96D3-BB1950937A50}.Debug|Any CPU.Build.0 = Debug|Any CPU
		{A80F9F95-5756-44BE-96D3-BB1950937A50}.Release|Any CPU.ActiveCfg = Release|Any CPU
		{A80F9F95-5756-44BE-96D3-BB1950937A50}.Release|Any CPU.Build.0 = Release|Any CPU
		{5947CDF1-FDE4-4B7C-9420-0A4DF039B5AB}.Debug|Any CPU.ActiveCfg = Debug|Any CPU
		{5947CDF1-FDE4-4B7C-9420-0A4DF039B5AB}.Debug|Any CPU.Build.0 = Debug|Any CPU
		{5947CDF1-FDE4-4B7C-9420-0A4DF039B5AB}.Release|Any CPU.ActiveCfg = Release|Any CPU
		{5947CDF1-FDE4-4B7C-9420-0A4DF039B5AB}.Release|Any CPU.Build.0 = Release|Any CPU
		{9751AAAE-B751-451E-BA8C-FBD55234FE56}.Debug|Any CPU.ActiveCfg = Debug|Any CPU
		{9751AAAE-B751-451E-BA8C-FBD55234FE56}.Debug|Any CPU.Build.0 = Debug|Any CPU
		{9751AAAE-B751-451E-BA8C-FBD55234FE56}.Release|Any CPU.ActiveCfg = Release|Any CPU
		{9751AAAE-B751-451E-BA8C-FBD55234FE56}.Release|Any CPU.Build.0 = Release|Any CPU
		{518B57D2-7D57-4967-B3F6-A054F67D36CD}.Debug|Any CPU.ActiveCfg = Debug|Any CPU
		{518B57D2-7D57-4967-B3F6-A054F67D36CD}.Debug|Any CPU.Build.0 = Debug|Any CPU
		{518B57D2-7D57-4967-B3F6-A054F67D36CD}.Release|Any CPU.ActiveCfg = Release|Any CPU
		{518B57D2-7D57-4967-B3F6-A054F67D36CD}.Release|Any CPU.Build.0 = Release|Any CPU
		{50B4A98B-F9F6-48B9-BF2E-0CD78368565D}.Debug|Any CPU.ActiveCfg = Debug|Any CPU
		{50B4A98B-F9F6-48B9-BF2E-0CD78368565D}.Debug|Any CPU.Build.0 = Debug|Any CPU
		{50B4A98B-F9F6-48B9-BF2E-0CD78368565D}.Release|Any CPU.ActiveCfg = Release|Any CPU
		{50B4A98B-F9F6-48B9-BF2E-0CD78368565D}.Release|Any CPU.Build.0 = Release|Any CPU
		{351936CC-5AD5-45DF-AC9C-903964E29DDB}.Debug|Any CPU.ActiveCfg = Debug|Any CPU
		{351936CC-5AD5-45DF-AC9C-903964E29DDB}.Debug|Any CPU.Build.0 = Debug|Any CPU
		{351936CC-5AD5-45DF-AC9C-903964E29DDB}.Release|Any CPU.ActiveCfg = Release|Any CPU
		{351936CC-5AD5-45DF-AC9C-903964E29DDB}.Release|Any CPU.Build.0 = Release|Any CPU
	EndGlobalSection
	GlobalSection(SolutionProperties) = preSolution
		HideSolutionNode = FALSE
	EndGlobalSection
	GlobalSection(TestCaseManagementSettings) = postSolution
		CategoryFile = SWA.Ariadne.vsmdi
	EndGlobalSection
	GlobalSection(MonoDevelopProperties) = preSolution
		Policies = $0
		$0.TextStylePolicy = $1
		$1.FileWidth = 80
		$1.TabsToSpaces = True
		$1.EolMarker = Windows
		$1.scope = text/x-csharp
		$1.inheritsSet = null
		$0.CSharpFormattingPolicy = $2
		$2.scope = text/x-csharp
		$0.TextStylePolicy = $3
		$3.FileWidth = 80
		$3.TabsToSpaces = True
		$3.EolMarker = Windows
		$3.scope = text/plain
		$0.TextStylePolicy = $4
		$4.inheritsSet = null
		$4.scope = text/microsoft-resx
		$0.XmlFormattingPolicy = $5
		$5.inheritsSet = null
		$5.scope = text/microsoft-resx
		$0.TextStylePolicy = $6
		$6.inheritsSet = null
		$6.scope = application/xml
		$0.XmlFormattingPolicy = $7
		$7.scope = application/xml
		$0.TextStylePolicy = $8
		$8.inheritsSet = null
		$8.scope = application/manifest+xml
		$0.XmlFormattingPolicy = $9
		$9.inheritsSet = null
		$9.scope = application/manifest+xml
		$0.TextStylePolicy = $10
		$10.inheritsSet = null
		$10.scope = application/config+xml
		$0.XmlFormattingPolicy = $11
		$11.inheritsSet = null
		$11.scope = application/config+xml
		$0.TextStylePolicy = $12
		$12.inheritsSet = null
		$12.scope = text/html
	EndGlobalSection
EndGlobal
